
Microsoft Visual Studio Solution File, Format Version 12.00
# Visual Studio Version 16
VisualStudioVersion = 16.0.28729.10
MinimumVisualStudioVersion = 10.0.40219.1
Project("{FAE04EC0-301F-11D3-BF4B-00C04F79EFBC}") = "Review.API", "Review.API\Review.API.csproj", "{B601931E-FE2B-44D1-879D-C69CAB7217CF}"
EndProject
Project("{2150E333-8FDC-42A3-9474-1A3956D46DE8}") = "Libraries", "Libraries", "{8442198B-A191-4108-8CE7-84737602438F}"
EndProject
Project("{FAE04EC0-301F-11D3-BF4B-00C04F79EFBC}") = "Review.Data", "Review.Data\Review.Data.csproj", "{C3E99D6C-23D4-4695-BFCF-920ECB65A30B}"
EndProject
Project("{FAE04EC0-301F-11D3-BF4B-00C04F79EFBC}") = "Review.Domain", "Review.Domain\Review.Domain.csproj", "{73F4C2AF-5861-4F98-B5EB-05E02DC985E7}"
EndProject
Project("{FAE04EC0-301F-11D3-BF4B-00C04F79EFBC}") = "Review.Service", "Review.Service\Review.Service.csproj", "{5DD0C43C-C201-49D6-9FDD-80425DF906E9}"
EndProject
Project("{2150E333-8FDC-42A3-9474-1A3956D46DE8}") = "Tests", "Tests", "{C2B6D0A3-0EDB-45DF-8AE6-DAB85B4A51EA}"
EndProject
Project("{FAE04EC0-301F-11D3-BF4B-00C04F79EFBC}") = "Review.Data.Tests", "Review.Data.Tests\Review.Data.Tests.csproj", "{04206D0A-0343-4961-9266-BE913FCF501E}"
EndProject
Project("{FAE04EC0-301F-11D3-BF4B-00C04F79EFBC}") = "Review.Domain.Tests", "Review.Domain.Tests\Review.Domain.Tests.csproj", "{5541BDD6-9DF8-4AE4-BD1D-729263CA7909}"
EndProject
Project("{FAE04EC0-301F-11D3-BF4B-00C04F79EFBC}") = "Review.Service.Tests", "Review.Service.Tests\Review.Service.Tests.csproj", "{3299F319-58FA-4D8F-9AF9-04DD764E426F}"
EndProject
Global
	GlobalSection(SolutionConfigurationPlatforms) = preSolution
		Debug|Any CPU = Debug|Any CPU
		Release|Any CPU = Release|Any CPU
	EndGlobalSection
	GlobalSection(ProjectConfigurationPlatforms) = postSolution
		{B601931E-FE2B-44D1-879D-C69CAB7217CF}.Debug|Any CPU.ActiveCfg = Debug|Any CPU
		{B601931E-FE2B-44D1-879D-C69CAB7217CF}.Debug|Any CPU.Build.0 = Debug|Any CPU
		{B601931E-FE2B-44D1-879D-C69CAB7217CF}.Release|Any CPU.ActiveCfg = Release|Any CPU
		{B601931E-FE2B-44D1-879D-C69CAB7217CF}.Release|Any CPU.Build.0 = Release|Any CPU
		{C3E99D6C-23D4-4695-BFCF-920ECB65A30B}.Debug|Any CPU.ActiveCfg = Debug|Any CPU
		{C3E99D6C-23D4-4695-BFCF-920ECB65A30B}.Debug|Any CPU.Build.0 = Debug|Any CPU
		{C3E99D6C-23D4-4695-BFCF-920ECB65A30B}.Release|Any CPU.ActiveCfg = Release|Any CPU
		{C3E99D6C-23D4-4695-BFCF-920ECB65A30B}.Release|Any CPU.Build.0 = Release|Any CPU
		{73F4C2AF-5861-4F98-B5EB-05E02DC985E7}.Debug|Any CPU.ActiveCfg = Debug|Any CPU
		{73F4C2AF-5861-4F98-B5EB-05E02DC985E7}.Debug|Any CPU.Build.0 = Debug|Any CPU
		{73F4C2AF-5861-4F98-B5EB-05E02DC985E7}.Release|Any CPU.ActiveCfg = Release|Any CPU
		{73F4C2AF-5861-4F98-B5EB-05E02DC985E7}.Release|Any CPU.Build.0 = Release|Any CPU
		{5DD0C43C-C201-49D6-9FDD-80425DF906E9}.Debug|Any CPU.ActiveCfg = Debug|Any CPU
		{5DD0C43C-C201-49D6-9FDD-80425DF906E9}.Debug|Any CPU.Build.0 = Debug|Any CPU
		{5DD0C43C-C201-49D6-9FDD-80425DF906E9}.Release|Any CPU.ActiveCfg = Release|Any CPU
		{5DD0C43C-C201-49D6-9FDD-80425DF906E9}.Release|Any CPU.Build.0 = Release|Any CPU
		{04206D0A-0343-4961-9266-BE913FCF501E}.Debug|Any CPU.ActiveCfg = Debug|Any CPU
		{04206D0A-0343-4961-9266-BE913FCF501E}.Debug|Any CPU.Build.0 = Debug|Any CPU
		{04206D0A-0343-4961-9266-BE913FCF501E}.Release|Any CPU.ActiveCfg = Release|Any CPU
		{04206D0A-0343-4961-9266-BE913FCF501E}.Release|Any CPU.Build.0 = Release|Any CPU
		{5541BDD6-9DF8-4AE4-BD1D-729263CA7909}.Debug|Any CPU.ActiveCfg = Debug|Any CPU
		{5541BDD6-9DF8-4AE4-BD1D-729263CA7909}.Debug|Any CPU.Build.0 = Debug|Any CPU
		{5541BDD6-9DF8-4AE4-BD1D-729263CA7909}.Release|Any CPU.ActiveCfg = Release|Any CPU
		{5541BDD6-9DF8-4AE4-BD1D-729263CA7909}.Release|Any CPU.Build.0 = Release|Any CPU
		{3299F319-58FA-4D8F-9AF9-04DD764E426F}.Debug|Any CPU.ActiveCfg = Debug|Any CPU
		{3299F319-58FA-4D8F-9AF9-04DD764E426F}.Debug|Any CPU.Build.0 = Debug|Any CPU
		{3299F319-58FA-4D8F-9AF9-04DD764E426F}.Release|Any CPU.ActiveCfg = Release|Any CPU
		{3299F319-58FA-4D8F-9AF9-04DD764E426F}.Release|Any CPU.Build.0 = Release|Any CPU
	EndGlobalSection
	GlobalSection(SolutionProperties) = preSolution
		HideSolutionNode = FALSE
	EndGlobalSection
	GlobalSection(ExtensibilityGlobals) = postSolution
		SolutionGuid = {A24BEE62-DA11-40AA-BB06-EAC09DBC369D}
	EndGlobalSection
	GlobalSection(NestedProjects) = preSolution
		{C3E99D6C-23D4-4695-BFCF-920ECB65A30B} = {8442198B-A191-4108-8CE7-84737602438F}
		{73F4C2AF-5861-4F98-B5EB-05E02DC985E7} = {8442198B-A191-4108-8CE7-84737602438F}
		{5DD0C43C-C201-49D6-9FDD-80425DF906E9} = {8442198B-A191-4108-8CE7-84737602438F}
		{04206D0A-0343-4961-9266-BE913FCF501E} = {C2B6D0A3-0EDB-45DF-8AE6-DAB85B4A51EA}
		{5541BDD6-9DF8-4AE4-BD1D-729263CA7909} = {C2B6D0A3-0EDB-45DF-8AE6-DAB85B4A51EA}
		{3299F319-58FA-4D8F-9AF9-04DD764E426F} = {C2B6D0A3-0EDB-45DF-8AE6-DAB85B4A51EA}
	EndGlobalSection
EndGlobal
